
Microsoft Visual Studio Solution File, Format Version 12.00
# Visual Studio Version 16
VisualStudioVersion = 16.0.36631.11
MinimumVisualStudioVersion = 10.0.40219.1
Project("{FAE04EC0-301F-11D3-BF4B-00C04F79EFBC}") = "WinFormsInstaller", "WinFormsInstaller.csproj", "{DF5ABE58-050B-404C-B39B-64182A5BE55A}"
EndProject
Global
	GlobalSection(SolutionConfigurationPlatforms) = preSolution
		Debug|Any CPU = Debug|Any CPU
		Release|Any CPU = Release|Any CPU
	EndGlobalSection
	GlobalSection(ProjectConfigurationPlatforms) = postSolution
		{DF5ABE58-050B-404C-B39B-64182A5BE55A}.Debug|Any CPU.ActiveCfg = Debug|Any CPU
		{DF5ABE58-050B-404C-B39B-64182A5BE55A}.Debug|Any CPU.Build.0 = Debug|Any CPU
		{DF5ABE58-050B-404C-B39B-64182A5BE55A}.Release|Any CPU.ActiveCfg = Release|Any CPU
		{DF5ABE58-050B-404C-B39B-64182A5BE55A}.Release|Any CPU.Build.0 = Release|Any CPU
	EndGlobalSection
	GlobalSection(SolutionProperties) = preSolution
		HideSolutionNode = FALSE
	EndGlobalSection
	GlobalSection(ExtensibilityGlobals) = postSolution
		SolutionGuid = {00D94597-270A-448A-A7C8-28DA5634C50C}
	EndGlobalSection
EndGlobal
